
Microsoft Visual Studio Solution File, Format Version 12.00
# Visual Studio 15
VisualStudioVersion = 15.0.27130.2027
MinimumVisualStudioVersion = 10.0.40219.1
Project("{9A19103F-16F7-4668-BE54-9A1E7A4F7556}") = "UniEvents.WebApp", "UniEvents.WebApp\UniEvents.WebApp.csproj", "{53C3120E-B488-41AF-A263-84115AED07F4}"
EndProject
Project("{9A19103F-16F7-4668-BE54-9A1E7A4F7556}") = "UniEvents.WebAPI", "UniEvents.API\UniEvents.WebAPI.csproj", "{F87AAD87-90A2-4C43-8082-647EEDCC77D3}"
EndProject
Project("{9A19103F-16F7-4668-BE54-9A1E7A4F7556}") = "UniEvents.Core", "UniEvents.Core\UniEvents.Core.csproj", "{C6A41AC3-4B4D-4DC0-A149-74F56E5750D9}"
EndProject
Global
	GlobalSection(SolutionConfigurationPlatforms) = preSolution
		Debug|Any CPU = Debug|Any CPU
		Release|Any CPU = Release|Any CPU
	EndGlobalSection
	GlobalSection(ProjectConfigurationPlatforms) = postSolution
		{53C3120E-B488-41AF-A263-84115AED07F4}.Debug|Any CPU.ActiveCfg = Debug|Any CPU
		{53C3120E-B488-41AF-A263-84115AED07F4}.Debug|Any CPU.Build.0 = Debug|Any CPU
		{53C3120E-B488-41AF-A263-84115AED07F4}.Release|Any CPU.ActiveCfg = Release|Any CPU
		{53C3120E-B488-41AF-A263-84115AED07F4}.Release|Any CPU.Build.0 = Release|Any CPU
		{F87AAD87-90A2-4C43-8082-647EEDCC77D3}.Debug|Any CPU.ActiveCfg = Debug|Any CPU
		{F87AAD87-90A2-4C43-8082-647EEDCC77D3}.Debug|Any CPU.Build.0 = Debug|Any CPU
		{F87AAD87-90A2-4C43-8082-647EEDCC77D3}.Release|Any CPU.ActiveCfg = Release|Any CPU
		{F87AAD87-90A2-4C43-8082-647EEDCC77D3}.Release|Any CPU.Build.0 = Release|Any CPU
		{C6A41AC3-4B4D-4DC0-A149-74F56E5750D9}.Debug|Any CPU.ActiveCfg = Debug|Any CPU
		{C6A41AC3-4B4D-4DC0-A149-74F56E5750D9}.Debug|Any CPU.Build.0 = Debug|Any CPU
		{C6A41AC3-4B4D-4DC0-A149-74F56E5750D9}.Release|Any CPU.ActiveCfg = Release|Any CPU
		{C6A41AC3-4B4D-4DC0-A149-74F56E5750D9}.Release|Any CPU.Build.0 = Release|Any CPU
	EndGlobalSection
	GlobalSection(SolutionProperties) = preSolution
		HideSolutionNode = FALSE
	EndGlobalSection
	GlobalSection(ExtensibilityGlobals) = postSolution
		SolutionGuid = {E6FCBFDF-5517-4EDA-96A0-0F5EF30E6E86}
	EndGlobalSection
EndGlobal
